
Microsoft Visual Studio Solution File, Format Version 12.00
# Visual Studio Version 16
VisualStudioVersion = 16.0.28922.388
MinimumVisualStudioVersion = 10.0.40219.1
Project("{FAE04EC0-301F-11D3-BF4B-00C04F79EFBC}") = "ShopOnline", "ShopOnline\ShopOnline.csproj", "{244CC4AD-76D3-4156-AA89-B8D4C28DE82A}"
EndProject
Project("{FAE04EC0-301F-11D3-BF4B-00C04F79EFBC}") = "Data", "Data\Data.csproj", "{3E4B9081-072E-4C75-BA0C-F5E9E8446CB9}"
EndProject
Project("{FAE04EC0-301F-11D3-BF4B-00C04F79EFBC}") = "Service", "Service\Service.csproj", "{940AFB97-34A6-4995-8FA6-D4427E9C108F}"
EndProject
Project("{FAE04EC0-301F-11D3-BF4B-00C04F79EFBC}") = "Models", "Models\Models.csproj", "{AC0AEE54-D002-4E5A-978D-92ECD7577170}"
EndProject
Project("{FAE04EC0-301F-11D3-BF4B-00C04F79EFBC}") = "Common", "Common\Common.csproj", "{FF4A3482-BD4A-4587-84FA-A369C2203D73}"
EndProject
Global
	GlobalSection(SolutionConfigurationPlatforms) = preSolution
		Debug|Any CPU = Debug|Any CPU
		Release|Any CPU = Release|Any CPU
	EndGlobalSection
	GlobalSection(ProjectConfigurationPlatforms) = postSolution
		{244CC4AD-76D3-4156-AA89-B8D4C28DE82A}.Debug|Any CPU.ActiveCfg = Debug|Any CPU
		{244CC4AD-76D3-4156-AA89-B8D4C28DE82A}.Debug|Any CPU.Build.0 = Debug|Any CPU
		{244CC4AD-76D3-4156-AA89-B8D4C28DE82A}.Release|Any CPU.ActiveCfg = Release|Any CPU
		{244CC4AD-76D3-4156-AA89-B8D4C28DE82A}.Release|Any CPU.Build.0 = Release|Any CPU
		{3E4B9081-072E-4C75-BA0C-F5E9E8446CB9}.Debug|Any CPU.ActiveCfg = Debug|Any CPU
		{3E4B9081-072E-4C75-BA0C-F5E9E8446CB9}.Debug|Any CPU.Build.0 = Debug|Any CPU
		{3E4B9081-072E-4C75-BA0C-F5E9E8446CB9}.Release|Any CPU.ActiveCfg = Release|Any CPU
		{3E4B9081-072E-4C75-BA0C-F5E9E8446CB9}.Release|Any CPU.Build.0 = Release|Any CPU
		{940AFB97-34A6-4995-8FA6-D4427E9C108F}.Debug|Any CPU.ActiveCfg = Debug|Any CPU
		{940AFB97-34A6-4995-8FA6-D4427E9C108F}.Debug|Any CPU.Build.0 = Debug|Any CPU
		{940AFB97-34A6-4995-8FA6-D4427E9C108F}.Release|Any CPU.ActiveCfg = Release|Any CPU
		{940AFB97-34A6-4995-8FA6-D4427E9C108F}.Release|Any CPU.Build.0 = Release|Any CPU
		{AC0AEE54-D002-4E5A-978D-92ECD7577170}.Debug|Any CPU.ActiveCfg = Debug|Any CPU
		{AC0AEE54-D002-4E5A-978D-92ECD7577170}.Debug|Any CPU.Build.0 = Debug|Any CPU
		{AC0AEE54-D002-4E5A-978D-92ECD7577170}.Release|Any CPU.ActiveCfg = Release|Any CPU
		{AC0AEE54-D002-4E5A-978D-92ECD7577170}.Release|Any CPU.Build.0 = Release|Any CPU
		{FF4A3482-BD4A-4587-84FA-A369C2203D73}.Debug|Any CPU.ActiveCfg = Debug|Any CPU
		{FF4A3482-BD4A-4587-84FA-A369C2203D73}.Debug|Any CPU.Build.0 = Debug|Any CPU
		{FF4A3482-BD4A-4587-84FA-A369C2203D73}.Release|Any CPU.ActiveCfg = Release|Any CPU
		{FF4A3482-BD4A-4587-84FA-A369C2203D73}.Release|Any CPU.Build.0 = Release|Any CPU
	EndGlobalSection
	GlobalSection(SolutionProperties) = preSolution
		HideSolutionNode = FALSE
	EndGlobalSection
	GlobalSection(ExtensibilityGlobals) = postSolution
		SolutionGuid = {2E00E9A4-B947-4105-966D-0DB54D81262E}
	EndGlobalSection
EndGlobal
